# @generated - this file is auto-generated by `mise lock` https://mise.jdx.dev/dev-tools/mise-lock.html

lockfile_version = 2

[[tools.java]]
version = "oracle-graalvm-25.0.4.1.1"
backend = "core:java"
specifiers = ["oracle-graalvm-25.0.4.1.1"]

[tools.java."platforms.linux-arm64"]
checksum = "sha256:479a762a33b96921fce5cb39e0656833a36fc9f3add422cfffabb55f4119dd3b"
url = "https://gds.oracle.com/download/graal/25/archive/graalvm-jdk-25.0.4.1.1_linux-aarch64_bin.tar.gz"

[tools.java."platforms.linux-x64"]
checksum = "sha256:b923080f922a8be2a5742b6dadc8b149357c5b2365822e33f94ef68b7df94884"
url = "https://gds.oracle.com/download/graal/25/archive/graalvm-jdk-25.0.4.1.1_linux-x64_bin.tar.gz"

[tools.java."platforms.macos-arm64"]
checksum = "sha256:e14dbe0dac6451c170c8b9403b04993bc8ae22e24f8b6c2a5b15e1803824e97c"
url = "https://gds.oracle.com/download/graal/25/archive/graalvm-jdk-25.0.4.1.1_macos-aarch64_bin.tar.gz"

[tools.java."platforms.windows-x64"]
checksum = "sha256:72a79765541c2c83ccc918dd1f2a3f565760aaab519ef2cf44d36b6ad39728bf"
url = "https://gds.oracle.com/download/graal/25/archive/graalvm-jdk-25.0.4.1.1_windows-x64_bin.zip"

[[tools.maven]]
version = "3.9.16"
backend = "aqua:apache/maven"
specifiers = ["3.9.16"]

[tools.maven."platforms.linux-arm64"]
checksum = "sha512:831a8591fe20c8243b1dbe7d71e3244f31d1665b0804b2e825e38cbbe5ce0cafb8338851f90780735568773e0a6cd07bbec107cda0b896b008b861075358b6f6"
url = "https://archive.apache.org/dist/maven/maven-3/3.9.16/binaries/apache-maven-3.9.16-bin.tar.gz"

[tools.maven."platforms.linux-x64"]
checksum = "sha512:831a8591fe20c8243b1dbe7d71e3244f31d1665b0804b2e825e38cbbe5ce0cafb8338851f90780735568773e0a6cd07bbec107cda0b896b008b861075358b6f6"
url = "https://archive.apache.org/dist/maven/maven-3/3.9.16/binaries/apache-maven-3.9.16-bin.tar.gz"

[tools.maven."platforms.macos-arm64"]
checksum = "sha512:831a8591fe20c8243b1dbe7d71e3244f31d1665b0804b2e825e38cbbe5ce0cafb8338851f90780735568773e0a6cd07bbec107cda0b896b008b861075358b6f6"
url = "https://archive.apache.org/dist/maven/maven-3/3.9.16/binaries/apache-maven-3.9.16-bin.tar.gz"

[tools.maven."platforms.windows-x64"]
checksum = "sha512:831a8591fe20c8243b1dbe7d71e3244f31d1665b0804b2e825e38cbbe5ce0cafb8338851f90780735568773e0a6cd07bbec107cda0b896b008b861075358b6f6"
url = "https://archive.apache.org/dist/maven/maven-3/3.9.16/binaries/apache-maven-3.9.16-bin.tar.gz"
